
Microsoft Visual Studio Solution File, Format Version 12.00
# Visual Studio Version 16
VisualStudioVersion = 16.0.32602.291
MinimumVisualStudioVersion = 10.0.40219.1
Project("{FAE04EC0-301F-11D3-BF4B-00C04F79EFBC}") = "formatif", "formatif.csproj", "{C9583E60-D371-484B-ABB0-55F99D53B79A}"
EndProject
Global
	GlobalSection(SolutionConfigurationPlatforms) = preSolution
		Debug|Any CPU = Debug|Any CPU
		Release|Any CPU = Release|Any CPU
	EndGlobalSection
	GlobalSection(ProjectConfigurationPlatforms) = postSolution
		{C9583E60-D371-484B-ABB0-55F99D53B79A}.Debug|Any CPU.ActiveCfg = Debug|Any CPU
		{C9583E60-D371-484B-ABB0-55F99D53B79A}.Debug|Any CPU.Build.0 = Debug|Any CPU
		{C9583E60-D371-484B-ABB0-55F99D53B79A}.Release|Any CPU.ActiveCfg = Release|Any CPU
		{C9583E60-D371-484B-ABB0-55F99D53B79A}.Release|Any CPU.Build.0 = Release|Any CPU
	EndGlobalSection
	GlobalSection(SolutionProperties) = preSolution
		HideSolutionNode = FALSE
	EndGlobalSection
	GlobalSection(ExtensibilityGlobals) = postSolution
		SolutionGuid = {62E8D87B-0236-4AF9-AE5C-C89BF48E12E1}
	EndGlobalSection
EndGlobal
